// !$*UTF8*$!
{
	archiveVersion = 1;
	classes = {
	};
	objectVersion = 50;
	objects = {

/* Begin PBXBuildFile section */
		8D5E989521FD6CD8000715F8 /* HexColor.framework in Frameworks */ = {isa = PBXBuildFile; fileRef = 8D5E988B21FD6CD7000715F8 /* HexColor.framework */; };
		8D5E989A21FD6CD8000715F8 /* HexColorTests.swift in Sources */ = {isa = PBXBuildFile; fileRef = 8D5E989921FD6CD8000715F8 /* HexColorTests.swift */; };
		8D5E989C21FD6CD8000715F8 /* HexColor.h in Headers */ = {isa = PBXBuildFile; fileRef = 8D5E988E21FD6CD7000715F8 /* HexColor.h */; settings = {ATTRIBUTES = (Public, ); }; };
		8D5E98A621FD6CED000715F8 /* UIColor.swift in Sources */ = {isa = PBXBuildFile; fileRef = 8D5E98A521FD6CED000715F8 /* UIColor.swift */; };
/* End PBXBuildFile section */

/* Begin PBXContainerItemProxy section */
		8D5E989621FD6CD8000715F8 /* PBXContainerItemProxy */ = {
			isa = PBXContainerItemProxy;
			containerPortal = 8D5E988221FD6CD7000715F8 /* Project object */;
			proxyType = 1;
			remoteGlobalIDString = 8D5E988A21FD6CD7000715F8;
			remoteInfo = HexColor;
		};
/* End PBXContainerItemProxy section */

/* Begin PBXFileReference section */
		8D5E988B21FD6CD7000715F8 /* HexColor.framework */ = {isa = PBXFileReference; explicitFileType = wrapper.framework; includeInIndex = 0; path = HexColor.framework; sourceTree = BUILT_PRODUCTS_DIR; };
		8D5E988E21FD6CD7000715F8 /* HexColor.h */ = {isa = PBXFileReference; lastKnownFileType = sourcecode.c.h; path = HexColor.h; sourceTree = "<group>"; };
		8D5E988F21FD6CD7000715F8 /* Info.plist */ = {isa = PBXFileReference; lastKnownFileType = text.plist.xml; path = Info.plist; sourceTree = "<group>"; };
		8D5E989421FD6CD7000715F8 /* HexColorTests.xctest */ = {isa = PBXFileReference; explicitFileType = wrapper.cfbundle; includeInIndex = 0; path = HexColorTests.xctest; sourceTree = BUILT_PRODUCTS_DIR; };
		8D5E989921FD6CD8000715F8 /* HexColorTests.swift */ = {isa = PBXFileReference; lastKnownFileType = sourcecode.swift; path = HexColorTests.swift; sourceTree = "<group>"; };
		8D5E989B21FD6CD8000715F8 /* Info.plist */ = {isa = PBXFileReference; lastKnownFileType = text.plist.xml; path = Info.plist; sourceTree = "<group>"; };
		8D5E98A521FD6CED000715F8 /* UIColor.swift */ = {isa = PBXFileReference; lastKnownFileType = sourcecode.swift; path = UIColor.swift; sourceTree = "<group>"; };
/* End PBXFileReference section */

/* Begin PBXFrameworksBuildPhase section */
		8D5E988821FD6CD7000715F8 /* Frameworks */ = {
			isa = PBXFrameworksBuildPhase;
			buildActionMask = 2147483647;
			files = (
			);
			runOnlyForDeploymentPostprocessing = 0;
		};
		8D5E989121FD6CD7000715F8 /* Frameworks */ = {
			isa = PBXFrameworksBuildPhase;
			buildActionMask = 2147483647;
			files = (
				8D5E989521FD6CD8000715F8 /* HexColor.framework in Frameworks */,
			);
			runOnlyForDeploymentPostprocessing = 0;
		};
/* End PBXFrameworksBuildPhase section */

/* Begin PBXGroup section */
		8D5E988121FD6CD7000715F8 = {
			isa = PBXGroup;
			children = (
				8D5E988D21FD6CD7000715F8 /* HexColor */,
				8D5E989821FD6CD8000715F8 /* HexColorTests */,
				8D5E988C21FD6CD7000715F8 /* Products */,
			);
			sourceTree = "<group>";
		};
		8D5E988C21FD6CD7000715F8 /* Products */ = {
			isa = PBXGroup;
			children = (
				8D5E988B21FD6CD7000715F8 /* HexColor.framework */,
				8D5E989421FD6CD7000715F8 /* HexColorTests.xctest */,
			);
			name = Products;
			sourceTree = "<group>";
		};
		8D5E988D21FD6CD7000715F8 /* HexColor */ = {
			isa = PBXGroup;
			children = (
				8D5E988E21FD6CD7000715F8 /* HexColor.h */,
				8D5E98A521FD6CED000715F8 /* UIColor.swift */,
				8D5E988F21FD6CD7000715F8 /* Info.plist */,
			);
			path = HexColor;
			sourceTree = "<group>";
		};
		8D5E989821FD6CD8000715F8 /* HexColorTests */ = {
			isa = PBXGroup;
			children = (
				8D5E989921FD6CD8000715F8 /* HexColorTests.swift */,
				8D5E989B21FD6CD8000715F8 /* Info.plist */,
			);
			path = HexColorTests;
			sourceTree = "<group>";
		};
/* End PBXGroup section */

/* Begin PBXHeadersBuildPhase section */
		8D5E988621FD6CD7000715F8 /* Headers */ = {
			isa = PBXHeadersBuildPhase;
			buildActionMask = 2147483647;
			files = (
				8D5E989C21FD6CD8000715F8 /* HexColor.h in Headers */,
			);
			runOnlyForDeploymentPostprocessing = 0;
		};
/* End PBXHeadersBuildPhase section */

/* Begin PBXNativeTarget section */
		8D5E988A21FD6CD7000715F8 /* HexColor */ = {
			isa = PBXNativeTarget;
			buildConfigurationList = 8D5E989F21FD6CD8000715F8 /* Build configuration list for PBXNativeTarget "HexColor" */;
			buildPhases = (
				8D5E988621FD6CD7000715F8 /* Headers */,
				8D5E988721FD6CD7000715F8 /* Sources */,
				8D5E988821FD6CD7000715F8 /* Frameworks */,
				8D5E988921FD6CD7000715F8 /* Resources */,
			);
			buildRules = (
			);
			dependencies = (
			);
			name = HexColor;
			productName = HexColor;
			productReference = 8D5E988B21FD6CD7000715F8 /* HexColor.framework */;
			productType = "com.apple.product-type.framework";
		};
		8D5E989321FD6CD7000715F8 /* HexColorTests */ = {
			isa = PBXNativeTarget;
			buildConfigurationList = 8D5E98A221FD6CD8000715F8 /* Build configuration list for PBXNativeTarget "HexColorTests" */;
			buildPhases = (
				8D5E989021FD6CD7000715F8 /* Sources */,
				8D5E989121FD6CD7000715F8 /* Frameworks */,
				8D5E989221FD6CD7000715F8 /* Resources */,
			);
			buildRules = (
			);
			dependencies = (
				8D5E989721FD6CD8000715F8 /* PBXTargetDependency */,
			);
			name = HexColorTests;
			productName = HexColorTests;
			productReference = 8D5E989421FD6CD7000715F8 /* HexColorTests.xctest */;
			productType = "com.apple.product-type.bundle.unit-test";
		};
/* End PBXNativeTarget section */

/* Begin PBXProject section */
		8D5E988221FD6CD7000715F8 /* Project object */ = {
			isa = PBXProject;
			attributes = {
				LastSwiftUpdateCheck = 1010;
				LastUpgradeCheck = 1010;
				ORGANIZATIONNAME = levantAJ;
				TargetAttributes = {
					8D5E988A21FD6CD7000715F8 = {
						CreatedOnToolsVersion = 10.1;
						LastSwiftMigration = 1010;
					};
					8D5E989321FD6CD7000715F8 = {
						CreatedOnToolsVersion = 10.1;
					};
				};
			};
			buildConfigurationList = 8D5E988521FD6CD7000715F8 /* Build configuration list for PBXProject "HexColor" */;
			compatibilityVersion = "Xcode 9.3";
			developmentRegion = en;
			hasScannedForEncodings = 0;
			knownRegions = (
				en,
			);
			mainGroup = 8D5E988121FD6CD7000715F8;
			productRefGroup = 8D5E988C21FD6CD7000715F8 /* Products */;
			projectDirPath = "";
			projectRoot = "";
			targets = (
				8D5E988A21FD6CD7000715F8 /* HexColor */,
				8D5E989321FD6CD7000715F8 /* HexColorTests */,
			);
		};
/* End PBXProject section */

/* Begin PBXResourcesBuildPhase section */
		8D5E988921FD6CD7000715F8 /* Resources */ = {
			isa = PBXResourcesBuildPhase;
			buildActionMask = 2147483647;
			files = (
			);
			runOnlyForDeploymentPostprocessing = 0;
		};
		8D5E989221FD6CD7000715F8 /* Resources */ = {
			isa = PBXResourcesBuildPhase;
			buildActionMask = 2147483647;
			files = (
			);
			runOnlyForDeploymentPostprocessing = 0;
		};
/* End PBXResourcesBuildPhase section */

/* Begin PBXSourcesBuildPhase section */
		8D5E988721FD6CD7000715F8 /* Sources */ = {
			isa = PBXSourcesBuildPhase;
			buildActionMask = 2147483647;
			files = (
				8D5E98A621FD6CED000715F8 /* UIColor.swift in Sources */,
			);
			runOnlyForDeploymentPostprocessing = 0;
		};
		8D5E989021FD6CD7000715F8 /* Sources */ = {
			isa = PBXSourcesBuildPhase;
			buildActionMask = 2147483647;
			files = (
				8D5E989A21FD6CD8000715F8 /* HexColorTests.swift in Sources */,
			);
			runOnlyForDeploymentPostprocessing = 0;
		};
/* End PBXSourcesBuildPhase section */

/* Begin PBXTargetDependency section */
		8D5E989721FD6CD8000715F8 /* PBXTargetDependency */ = {
			isa = PBXTargetDependency;
			target = 8D5E988A21FD6CD7000715F8 /* HexColor */;
			targetProxy = 8D5E989621FD6CD8000715F8 /* PBXContainerItemProxy */;
		};
/* End PBXTargetDependency section */

/* Begin XCBuildConfiguration section */
		8D5E989D21FD6CD8000715F8 /* Debug */ = {
			isa = XCBuildConfiguration;
			buildSettings = {
				ALWAYS_SEARCH_USER_PATHS = NO;
				CLANG_ANALYZER_NONNULL = YES;
				CLANG_ANALYZER_NUMBER_OBJECT_CONVERSION = YES_AGGRESSIVE;
				CLANG_CXX_LANGUAGE_STANDARD = "gnu++14";
				CLANG_CXX_LIBRARY = "libc++";
				CLANG_ENABLE_MODULES = YES;
				CLANG_ENABLE_OBJC_ARC = YES;
				CLANG_ENABLE_OBJC_WEAK = YES;
				CLANG_WARN_BLOCK_CAPTURE_AUTORELEASING = YES;
				CLANG_WARN_BOOL_CONVERSION = YES;
				CLANG_WARN_COMMA = YES;
				CLANG_WARN_CONSTANT_CONVERSION = YES;
				CLANG_WARN_DEPRECATED_OBJC_IMPLEMENTATIONS = YES;
				CLANG_WARN_DIRECT_OBJC_ISA_USAGE = YES_ERROR;
				CLANG_WARN_DOCUMENTATION_COMMENTS = YES;
				CLANG_WARN_EMPTY_BODY = YES;
				CLANG_WARN_ENUM_CONVERSION = YES;
				CLANG_WARN_INFINITE_RECURSION = YES;
				CLANG_WARN_INT_CONVERSION = YES;
				CLANG_WARN_NON_LITERAL_NULL_CONVERSION = YES;
				CLANG_WARN_OBJC_IMPLICIT_RETAIN_SELF = YES;
				CLANG_WARN_OBJC_LITERAL_CONVERSION = YES;
				CLANG_WARN_OBJC_ROOT_CLASS = YES_ERROR;
				CLANG_WARN_RANGE_LOOP_ANALYSIS = YES;
				CLANG_WARN_STRICT_PROTOTYPES = YES;
				CLANG_WARN_SUSPICIOUS_MOVE = YES;
				CLANG_WARN_UNGUARDED_AVAILABILITY = YES_AGGRESSIVE;
				CLANG_WARN_UNREACHABLE_CODE = YES;
				CLANG_WARN__DUPLICATE_METHOD_MATCH = YES;
				CODE_SIGN_IDENTITY = "iPhone Developer";
				COPY_PHASE_STRIP = NO;
				CURRENT_PROJECT_VERSION = 1;
				DEBUG_INFORMATION_FORMAT = dwarf;
				ENABLE_STRICT_OBJC_MSGSEND = YES;
				ENABLE_TESTABILITY = YES;
				GCC_C_LANGUAGE_STANDARD = gnu11;
				GCC_DYNAMIC_NO_PIC = NO;
				GCC_NO_COMMON_BLOCKS = YES;
				GCC_OPTIMIZATION_LEVEL = 0;
				GCC_PREPROCESSOR_DEFINITIONS = (
					"DEBUG=1",
					"$(inherited)",
				);
				GCC_WARN_64_TO_32_BIT_CONVERSION = YES;
				GCC_WARN_ABOUT_RETURN_TYPE = YES_ERROR;
				GCC_WARN_UNDECLARED_SELECTOR = YES;
				GCC_WARN_UNINITIALIZED_AUTOS = YES_AGGRESSIVE;
				GCC_WARN_UNUSED_FUNCTION = YES;
				GCC_WARN_UNUSED_VARIABLE = YES;
				IPHONEOS_DEPLOYMENT_TARGET = 12.1;
				MTL_ENABLE_DEBUG_INFO = INCLUDE_SOURCE;
				MTL_FAST_MATH = YES;
				ONLY_ACTIVE_ARCH = YES;
				SDKROOT = iphoneos;
				SWIFT_ACTIVE_COMPILATION_CONDITIONS = DEBUG;
				SWIFT_OPTIMIZATION_LEVEL = "-Onone";
				VERSIONING_SYSTEM = "apple-generic";
				VERSION_INFO_PREFIX = "";
			};
			name = Debug;
		};
		8D5E989E21FD6CD8000715F8 /* Release */ = {
			isa = XCBuildConfiguration;
			buildSettings = {
				ALWAYS_SEARCH_USER_PATHS = NO;
				CLANG_ANALYZER_NONNULL = YES;
				CLANG_ANALYZER_NUMBER_OBJECT_CONVERSION = YES_AGGRESSIVE;
				CLANG_CXX_LANGUAGE_STANDARD = "gnu++14";
				CLANG_CXX_LIBRARY = "libc++";
				CLANG_ENABLE_MODULES = YES;
				CLANG_ENABLE_OBJC_ARC = YES;
				CLANG_ENABLE_OBJC_WEAK = YES;
				CLANG_WARN_BLOCK_CAPTURE_AUTORELEASING = YES;
				CLANG_WARN_BOOL_CONVERSION = YES;
				CLANG_WARN_COMMA = YES;
				CLANG_WARN_CONSTANT_CONVERSION = YES;
				CLANG_WARN_DEPRECATED_OBJC_IMPLEMENTATIONS = YES;
				CLANG_WARN_DIRECT_OBJC_ISA_USAGE = YES_ERROR;
				CLANG_WARN_DOCUMENTATION_COMMENTS = YES;
				CLANG_WARN_EMPTY_BODY = YES;
				CLANG_WARN_ENUM_CONVERSION = YES;
				CLANG_WARN_INFINITE_RECURSION = YES;
				CLANG_WARN_INT_CONVERSION = YES;
				CLANG_WARN_NON_LITERAL_NULL_CONVERSION = YES;
				CLANG_WARN_OBJC_IMPLICIT_RETAIN_SELF = YES;
				CLANG_WARN_OBJC_LITERAL_CONVERSION = YES;
				CLANG_WARN_OBJC_ROOT_CLASS = YES_ERROR;
				CLANG_WARN_RANGE_LOOP_ANALYSIS = YES;
				CLANG_WARN_STRICT_PROTOTYPES = YES;
				CLANG_WARN_SUSPICIOUS_MOVE = YES;
				CLANG_WARN_UNGUARDED_AVAILABILITY = YES_AGGRESSIVE;
				CLANG_WARN_UNREACHABLE_CODE = YES;
				CLANG_WARN__DUPLICATE_METHOD_MATCH = YES;
				CODE_SIGN_IDENTITY = "iPhone Developer";
				COPY_PHASE_STRIP = NO;
				CURRENT_PROJECT_VERSION = 1;
				DEBUG_INFORMATION_FORMAT = "dwarf-with-dsym";
				ENABLE_NS_ASSERTIONS = NO;
				ENABLE_STRICT_OBJC_MSGSEND = YES;
				GCC_C_LANGUAGE_STANDARD = gnu11;
				GCC_NO_COMMON_BLOCKS = YES;
				GCC_WARN_64_TO_32_BIT_CONVERSION = YES;
				GCC_WARN_ABOUT_RETURN_TYPE = YES_ERROR;
				GCC_WARN_UNDECLARED_SELECTOR = YES;
				GCC_WARN_UNINITIALIZED_AUTOS = YES_AGGRESSIVE;
				GCC_WARN_UNUSED_FUNCTION = YES;
				GCC_WARN_UNUSED_VARIABLE = YES;
				IPHONEOS_DEPLOYMENT_TARGET = 12.1;
				MTL_ENABLE_DEBUG_INFO = NO;
				MTL_FAST_MATH = YES;
				SDKROOT = iphoneos;
				SWIFT_COMPILATION_MODE = wholemodule;
				SWIFT_OPTIMIZATION_LEVEL = "-O";
				VALIDATE_PRODUCT = YES;
				VERSIONING_SYSTEM = "apple-generic";
				VERSION_INFO_PREFIX = "";
			};
			name = Release;
		};
		8D5E98A021FD6CD8000715F8 /* Debug */ = {
			isa = XCBuildConfiguration;
			buildSettings = {
				CLANG_ENABLE_MODULES = YES;
				CODE_SIGN_IDENTITY = "";
				CODE_SIGN_STYLE = Automatic;
				DEFINES_MODULE = YES;
				DYLIB_COMPATIBILITY_VERSION = 1;
				DYLIB_CURRENT_VERSION = 1;
				DYLIB_INSTALL_NAME_BASE = "@rpath";
				INFOPLIST_FILE = HexColor/Info.plist;
				INSTALL_PATH = "$(LOCAL_LIBRARY_DIR)/Frameworks";
				LD_RUNPATH_SEARCH_PATHS = (
					"$(inherited)",
					"@executable_path/Frameworks",
					"@loader_path/Frameworks",
				);
				PRODUCT_BUNDLE_IDENTIFIER = com.levantAJ.HexColor;
				PRODUCT_NAME = "$(TARGET_NAME:c99extidentifier)";
				SKIP_INSTALL = YES;
				SWIFT_OPTIMIZATION_LEVEL = "-Onone";
				SWIFT_VERSION = 4.2;
				TARGETED_DEVICE_FAMILY = "1,2";
			};
			name = Debug;
		};
		8D5E98A121FD6CD8000715F8 /* Release */ = {
			isa = XCBuildConfiguration;
			buildSettings = {
				CLANG_ENABLE_MODULES = YES;
				CODE_SIGN_IDENTITY = "";
				CODE_SIGN_STYLE = Automatic;
				DEFINES_MODULE = YES;
				DYLIB_COMPATIBILITY_VERSION = 1;
				DYLIB_CURRENT_VERSION = 1;
				DYLIB_INSTALL_NAME_BASE = "@rpath";
				INFOPLIST_FILE = HexColor/Info.plist;
				INSTALL_PATH = "$(LOCAL_LIBRARY_DIR)/Frameworks";
				LD_RUNPATH_SEARCH_PATHS = (
					"$(inherited)",
					"@executable_path/Frameworks",
					"@loader_path/Frameworks",
				);
				PRODUCT_BUNDLE_IDENTIFIER = com.levantAJ.HexColor;
				PRODUCT_NAME = "$(TARGET_NAME:c99extidentifier)";
				SKIP_INSTALL = YES;
				SWIFT_VERSION = 4.2;
				TARGETED_DEVICE_FAMILY = "1,2";
			};
			name = Release;
		};
		8D5E98A321FD6CD8000715F8 /* Debug */ = {
			isa = XCBuildConfiguration;
			buildSettings = {
				ALWAYS_EMBED_SWIFT_STANDARD_LIBRARIES = YES;
				CODE_SIGN_STYLE = Automatic;
				INFOPLIST_FILE = HexColorTests/Info.plist;
				LD_RUNPATH_SEARCH_PATHS = (
					"$(inherited)",
					"@executable_path/Frameworks",
					"@loader_path/Frameworks",
				);
				PRODUCT_BUNDLE_IDENTIFIER = com.levantAJ.HexColorTests;
				PRODUCT_NAME = "$(TARGET_NAME)";
				SWIFT_VERSION = 4.2;
				TARGETED_DEVICE_FAMILY = "1,2";
			};
			name = Debug;
		};
		8D5E98A421FD6CD8000715F8 /* Release */ = {
			isa = XCBuildConfiguration;
			buildSettings = {
				ALWAYS_EMBED_SWIFT_STANDARD_LIBRARIES = YES;
				CODE_SIGN_STYLE = Automatic;
				INFOPLIST_FILE = HexColorTests/Info.plist;
				LD_RUNPATH_SEARCH_PATHS = (
					"$(inherited)",
					"@executable_path/Frameworks",
					"@loader_path/Frameworks",
				);
				PRODUCT_BUNDLE_IDENTIFIER = com.levantAJ.HexColorTests;
				PRODUCT_NAME = "$(TARGET_NAME)";
				SWIFT_VERSION = 4.2;
				TARGETED_DEVICE_FAMILY = "1,2";
			};
			name = Release;
		};
/* End XCBuildConfiguration section */

/* Begin XCConfigurationList section */
		8D5E988521FD6CD7000715F8 /* Build configuration list for PBXProject "HexColor" */ = {
			isa = XCConfigurationList;
			buildConfigurations = (
				8D5E989D21FD6CD8000715F8 /* Debug */,
				8D5E989E21FD6CD8000715F8 /* Release */,
			);
			defaultConfigurationIsVisible = 0;
			defaultConfigurationName = Release;
		};
		8D5E989F21FD6CD8000715F8 /* Build configuration list for PBXNativeTarget "HexColor" */ = {
			isa = XCConfigurationList;
			buildConfigurations = (
				8D5E98A021FD6CD8000715F8 /* Debug */,
				8D5E98A121FD6CD8000715F8 /* Release */,
			);
			defaultConfigurationIsVisible = 0;
			defaultConfigurationName = Release;
		};
		8D5E98A221FD6CD8000715F8 /* Build configuration list for PBXNativeTarget "HexColorTests" */ = {
			isa = XCConfigurationList;
			buildConfigurations = (
				8D5E98A321FD6CD8000715F8 /* Debug */,
				8D5E98A421FD6CD8000715F8 /* Release */,
			);
			defaultConfigurationIsVisible = 0;
			defaultConfigurationName = Release;
		};
/* End XCConfigurationList section */
	};
	rootObject = 8D5E988221FD6CD7000715F8 /* Project object */;
}
